
Microsoft Visual Studio Solution File, Format Version 12.00
# Visual Studio Version 17
VisualStudioVersion = 17.14.36603.0 d17.14
MinimumVisualStudioVersion = 10.0.40219.1
Project("{FAE04EC0-301F-11D3-BF4B-00C04F79EFBC}") = "Projet_Cavalier", "Projet_Cavalier\Projet_Cavalier.csproj", "{A5078F77-7D09-45CA-93D4-BC7DD62FD36F}"
EndProject
Global
	GlobalSection(SolutionConfigurationPlatforms) = preSolution
		Debug|Any CPU = Debug|Any CPU
		Release|Any CPU = Release|Any CPU
	EndGlobalSection
	GlobalSection(ProjectConfigurationPlatforms) = postSolution
		{A5078F77-7D09-45CA-93D4-BC7DD62FD36F}.Debug|Any CPU.ActiveCfg = Debug|Any CPU
		{A5078F77-7D09-45CA-93D4-BC7DD62FD36F}.Debug|Any CPU.Build.0 = Debug|Any CPU
		{A5078F77-7D09-45CA-93D4-BC7DD62FD36F}.Release|Any CPU.ActiveCfg = Release|Any CPU
		{A5078F77-7D09-45CA-93D4-BC7DD62FD36F}.Release|Any CPU.Build.0 = Release|Any CPU
	EndGlobalSection
	GlobalSection(SolutionProperties) = preSolution
		HideSolutionNode = FALSE
	EndGlobalSection
	GlobalSection(ExtensibilityGlobals) = postSolution
		SolutionGuid = {08A7D390-E262-4F6D-8BEF-540639969379}
	EndGlobalSection
EndGlobal
